schema: '2.0'
stages:
  data_ingestion:
    cmd: python src/CNNclassifier/pipeline/stage_01_data_ingestion.py
    deps:
    - path: config/config.yaml
      hash: md5
      md5: ac7ac73c0e3563089fad8962a2119aa7
      size: 1079
    - path: src/CNNclassifier/pipeline/stage_01_data_ingestion.py
      hash: md5
      md5: 3d726f9f8969ab97e00f315c26dfb181
      size: 908
    outs:
    - path: artifacts/data_ingestion/CT-scan_kidney_normal_tumor_images
      hash: md5
      md5: b8867b9c4966cc59a755cf9203559a8e.dir
      size: 47533102
      nfiles: 400
  prepare_base_model:
    cmd: python src/CNNclassifier/pipeline/stage_2_prepare_base_model.py
    deps:
    - path: config/config.yaml
      hash: md5
      md5: ac7ac73c0e3563089fad8962a2119aa7
      size: 1079
    - path: src/CNNclassifier/pipeline/stage_2_prepare_base_model.py
      hash: md5
      md5: ac8a549abd19d61ac04f424ebcc5118d
      size: 928
    params:
      params.yaml:
        CLASSES: 2
        IMAGE_SIZE:
        - 224
        - 224
        - 3
        INCLUDE_TOP: false
        LEARNING_RATE: 0.01
        WEIGHTS: imagenet
    outs:
    - path: artifacts/prepare_base_model
      hash: md5
      md5: 8c56f9e47c004deaee55e56a09bb8ab6.dir
      size: 118054560
      nfiles: 2
  training:
    cmd: python src\CNNclassifier\pipeline\stage_3_model_training.py
    deps:
    - path: artifacts/data_ingestion/CT-scan_kidney_normal_tumor_images
      hash: md5
      md5: b8867b9c4966cc59a755cf9203559a8e.dir
      size: 47533102
      nfiles: 400
    - path: artifacts/prepare_base_model
      hash: md5
      md5: 8c56f9e47c004deaee55e56a09bb8ab6.dir
      size: 118054560
      nfiles: 2
    - path: config/config.yaml
      hash: md5
      md5: ac7ac73c0e3563089fad8962a2119aa7
      size: 1079
    - path: src\CNNclassifier\pipeline\stage_3_model_training.py
      hash: md5
      md5: 2d240f59e396905d9010bed768e0d65c
      size: 840
    params:
      params.yaml:
        AUGMENTATION: false
        BATCH_SIZE: 16
        EPOCHS: 1
        IMAGE_SIZE:
        - 224
        - 224
        - 3
    outs:
    - path: artifacts/training/model.h5
      hash: md5
      md5: cfa8cf8964516d573980da3e33da8478
      size: 59540824
  evaluation:
    cmd: python src/CNNclassifier/pipeline/stage_04_model_evaluation.py
    deps:
    - path: artifacts/data_ingestion/CT-scan_kidney_normal_tumor_images
      hash: md5
      md5: b8867b9c4966cc59a755cf9203559a8e.dir
      size: 47533102
      nfiles: 400
    - path: artifacts/training/model.h5
      hash: md5
      md5: cfa8cf8964516d573980da3e33da8478
      size: 59540824
    - path: config/config.yaml
      hash: md5
      md5: ac7ac73c0e3563089fad8962a2119aa7
      size: 1079
    - path: src/CNNclassifier/pipeline/stage_04_model_evaluation.py
      hash: md5
      md5: c0646eefc41c6e902b48b3e8183e66cb
      size: 850
    params:
      params.yaml:
        BATCH_SIZE: 16
        IMAGE_SIZE:
        - 224
        - 224
        - 3
    outs:
    - path: scores.json
      hash: md5
      md5: 68e3a39ed484beb55d88894897c5151e
      size: 61
